// !$*UTF8*$!
{
	archiveVersion = 1;
	classes = {
	};
	objectVersion = 46;
	objects = {

/* Begin PBXBuildFile section */
		697B0BC01C921824000F56DF /* AppDelegate.swift in Sources */ = {isa = PBXBuildFile; fileRef = 697B0BBF1C921824000F56DF /* AppDelegate.swift */; };
		697B0BC21C921824000F56DF /* ViewController.swift in Sources */ = {isa = PBXBuildFile; fileRef = 697B0BC11C921824000F56DF /* ViewController.swift */; };
		697B0BC51C921824000F56DF /* Main.storyboard in Resources */ = {isa = PBXBuildFile; fileRef = 697B0BC31C921824000F56DF /* Main.storyboard */; };
		697B0BC71C921824000F56DF /* Assets.xcassets in Resources */ = {isa = PBXBuildFile; fileRef = 697B0BC61C921824000F56DF /* Assets.xcassets */; };
		697B0BCA1C921824000F56DF /* LaunchScreen.storyboard in Resources */ = {isa = PBXBuildFile; fileRef = 697B0BC81C921824000F56DF /* LaunchScreen.storyboard */; };
		697B0BD21C921862000F56DF /* Caller.swift in Sources */ = {isa = PBXBuildFile; fileRef = 697B0BD11C921862000F56DF /* Caller.swift */; };
/* End PBXBuildFile section */

/* Begin PBXFileReference section */
		697B0BBC1C921824000F56DF /* Test.app */ = {isa = PBXFileReference; explicitFileType = wrapper.application; includeInIndex = 0; path = Test.app; sourceTree = BUILT_PRODUCTS_DIR; };
		697B0BBF1C921824000F56DF /* AppDelegate.swift */ = {isa = PBXFileReference; lastKnownFileType = sourcecode.swift; path = AppDelegate.swift; sourceTree = "<group>"; };
		697B0BC11C921824000F56DF /* ViewController.swift */ = {isa = PBXFileReference; lastKnownFileType = sourcecode.swift; path = ViewController.swift; sourceTree = "<group>"; };
		697B0BC41C921824000F56DF /* Base */ = {isa = PBXFileReference; lastKnownFileType = file.storyboard; name = Base; path = Base.lproj/Main.storyboard; sourceTree = "<group>"; };
		697B0BC61C921824000F56DF /* Assets.xcassets */ = {isa = PBXFileReference; lastKnownFileType = folder.assetcatalog; path = Assets.xcassets; sourceTree = "<group>"; };
		697B0BC91C921824000F56DF /* Base */ = {isa = PBXFileReference; lastKnownFileType = file.storyboard; name = Base; path = Base.lproj/LaunchScreen.storyboard; sourceTree = "<group>"; };
		697B0BCB1C921825000F56DF /* Info.plist */ = {isa = PBXFileReference; lastKnownFileType = text.plist.xml; path = Info.plist; sourceTree = "<group>"; };
		697B0BD11C921862000F56DF /* Caller.swift */ = {isa = PBXFileReference; fileEncoding = 4; lastKnownFileType = sourcecode.swift; path = Caller.swift; sourceTree = "<group>"; };
		E93403C55CC858A5F96A9AFC /* Pods.framework */ = {isa = PBXFileReference; explicitFileType = wrapper.framework; includeInIndex = 0; path = Pods.framework; sourceTree = BUILT_PRODUCTS_DIR; };
/* End PBXFileReference section */

/* Begin PBXFrameworksBuildPhase section */
		697B0BB91C921824000F56DF /* Frameworks */ = {
			isa = PBXFrameworksBuildPhase;
			buildActionMask = 2147483647;
			files = (
			);
			runOnlyForDeploymentPostprocessing = 0;
		};
/* End PBXFrameworksBuildPhase section */

/* Begin PBXGroup section */
		697B0BB31C921824000F56DF = {
			isa = PBXGroup;
			children = (
				697B0BBE1C921824000F56DF /* Test */,
				697B0BBD1C921824000F56DF /* Products */,
				E4B58CED34AF1E62F883F590 /* Frameworks */,
			);
			sourceTree = "<group>";
		};
		697B0BBD1C921824000F56DF /* Products */ = {
			isa = PBXGroup;
			children = (
				697B0BBC1C921824000F56DF /* Test.app */,
			);
			name = Products;
			sourceTree = "<group>";
		};
		697B0BBE1C921824000F56DF /* Test */ = {
			isa = PBXGroup;
			children = (
				697B0BBF1C921824000F56DF /* AppDelegate.swift */,
				697B0BC11C921824000F56DF /* ViewController.swift */,
				697B0BD11C921862000F56DF /* Caller.swift */,
				697B0BC31C921824000F56DF /* Main.storyboard */,
				697B0BC61C921824000F56DF /* Assets.xcassets */,
				697B0BC81C921824000F56DF /* LaunchScreen.storyboard */,
				697B0BCB1C921825000F56DF /* Info.plist */,
			);
			path = Test;
			sourceTree = "<group>";
		};
		E4B58CED34AF1E62F883F590 /* Frameworks */ = {
			isa = PBXGroup;
			children = (
				E93403C55CC858A5F96A9AFC /* Pods.framework */,
			);
			name = Frameworks;
			sourceTree = "<group>";
		};
/* End PBXGroup section */

/* Begin PBXNativeTarget section */
		697B0BBB1C921824000F56DF /* Test */ = {
			isa = PBXNativeTarget;
			buildConfigurationList = 697B0BCE1C921825000F56DF /* Build configuration list for PBXNativeTarget "Test" */;
			buildPhases = (
				697B0BB81C921824000F56DF /* Sources */,
				697B0BB91C921824000F56DF /* Frameworks */,
				697B0BBA1C921824000F56DF /* Resources */,
			);
			buildRules = (
			);
			dependencies = (
			);
			name = Test;
			productName = Test;
			productReference = 697B0BBC1C921824000F56DF /* Test.app */;
			productType = "com.apple.product-type.application";
		};
/* End PBXNativeTarget section */

/* Begin PBXProject section */
		697B0BB41C921824000F56DF /* Project object */ = {
			isa = PBXProject;
			attributes = {
				LastSwiftUpdateCheck = 0720;
				LastUpgradeCheck = 0720;
				ORGANIZATIONNAME = "Tayal, Rishabh";
				TargetAttributes = {
					697B0BBB1C921824000F56DF = {
						CreatedOnToolsVersion = 7.2.1;
					};
				};
			};
			buildConfigurationList = 697B0BB71C921824000F56DF /* Build configuration list for PBXProject "Test" */;
			compatibilityVersion = "Xcode 3.2";
			developmentRegion = English;
			hasScannedForEncodings = 0;
			knownRegions = (
				en,
				Base,
			);
			mainGroup = 697B0BB31C921824000F56DF;
			productRefGroup = 697B0BBD1C921824000F56DF /* Products */;
			projectDirPath = "";
			projectRoot = "";
			targets = (
				697B0BBB1C921824000F56DF /* Test */,
			);
		};
/* End PBXProject section */

/* Begin PBXResourcesBuildPhase section */
		697B0BBA1C921824000F56DF /* Resources */ = {
			isa = PBXResourcesBuildPhase;
			buildActionMask = 2147483647;
			files = (
				697B0BCA1C921824000F56DF /* LaunchScreen.storyboard in Resources */,
				697B0BC71C921824000F56DF /* Assets.xcassets in Resources */,
				697B0BC51C921824000F56DF /* Main.storyboard in Resources */,
			);
			runOnlyForDeploymentPostprocessing = 0;
		};
/* End PBXResourcesBuildPhase section */

/* Begin PBXSourcesBuildPhase section */
		697B0BB81C921824000F56DF /* Sources */ = {
			isa = PBXSourcesBuildPhase;
			buildActionMask = 2147483647;
			files = (
				697B0BC21C921824000F56DF /* ViewController.swift in Sources */,
				697B0BD21C921862000F56DF /* Caller.swift in Sources */,
				697B0BC01C921824000F56DF /* AppDelegate.swift in Sources */,
			);
			runOnlyForDeploymentPostprocessing = 0;
		};
/* End PBXSourcesBuildPhase section */

/* Begin PBXVariantGroup section */
		697B0BC31C921824000F56DF /* Main.storyboard */ = {
			isa = PBXVariantGroup;
			children = (
				697B0BC41C921824000F56DF /* Base */,
			);
			name = Main.storyboard;
			sourceTree = "<group>";
		};
		697B0BC81C921824000F56DF /* LaunchScreen.storyboard */ = {
			isa = PBXVariantGroup;
			children = (
				697B0BC91C921824000F56DF /* Base */,
			);
			name = LaunchScreen.storyboard;
			sourceTree = "<group>";
		};
/* End PBXVariantGroup section */

/* Begin XCBuildConfiguration section */
		697B0BCC1C921825000F56DF /* Debug */ = {
			isa = XCBuildConfiguration;
			buildSettings = {
				ALWAYS_SEARCH_USER_PATHS = NO;
				CLANG_CXX_LANGUAGE_STANDARD = "gnu++0x";
				CLANG_CXX_LIBRARY = "libc++";
				CLANG_ENABLE_MODULES = YES;
				CLANG_ENABLE_OBJC_ARC = YES;
				CLANG_WARN_BOOL_CONVERSION = YES;
				CLANG_WARN_CONSTANT_CONVERSION = YES;
				CLANG_WARN_DIRECT_OBJC_ISA_USAGE = YES_ERROR;
				CLANG_WARN_EMPTY_BODY = YES;
				CLANG_WARN_ENUM_CONVERSION = YES;
				CLANG_WARN_INT_CONVERSION = YES;
				CLANG_WARN_OBJC_ROOT_CLASS = YES_ERROR;
				CLANG_WARN_UNREACHABLE_CODE = YES;
				CLANG_WARN__DUPLICATE_METHOD_MATCH = YES;
				"CODE_SIGN_IDENTITY[sdk=iphoneos*]" = "iPhone Developer";
				COPY_PHASE_STRIP = NO;
				DEBUG_INFORMATION_FORMAT = dwarf;
				ENABLE_STRICT_OBJC_MSGSEND = YES;
				ENABLE_TESTABILITY = YES;
				GCC_C_LANGUAGE_STANDARD = gnu99;
				GCC_DYNAMIC_NO_PIC = NO;
				GCC_NO_COMMON_BLOCKS = YES;
				GCC_OPTIMIZATION_LEVEL = 0;
				GCC_PREPROCESSOR_DEFINITIONS = (
					"DEBUG=1",
					"$(inherited)",
				);
				GCC_WARN_64_TO_32_BIT_CONVERSION = YES;
				GCC_WARN_ABOUT_RETURN_TYPE = YES_ERROR;
				GCC_WARN_UNDECLARED_SELECTOR = YES;
				GCC_WARN_UNINITIALIZED_AUTOS = YES_AGGRESSIVE;
				GCC_WARN_UNUSED_FUNCTION = YES;
				GCC_WARN_UNUSED_VARIABLE = YES;
				IPHONEOS_DEPLOYMENT_TARGET = 9.2;
				MTL_ENABLE_DEBUG_INFO = YES;
				ONLY_ACTIVE_ARCH = YES;
				SDKROOT = iphoneos;
				SWIFT_OPTIMIZATION_LEVEL = "-Onone";
			};
			name = Debug;
		};
		697B0BCD1C921825000F56DF /* Release */ = {
			isa = XCBuildConfiguration;
			buildSettings = {
				ALWAYS_SEARCH_USER_PATHS = NO;
				CLANG_CXX_LANGUAGE_STANDARD = "gnu++0x";
				CLANG_CXX_LIBRARY = "libc++";
				CLANG_ENABLE_MODULES = YES;
				CLANG_ENABLE_OBJC_ARC = YES;
				CLANG_WARN_BOOL_CONVERSION = YES;
				CLANG_WARN_CONSTANT_CONVERSION = YES;
				CLANG_WARN_DIRECT_OBJC_ISA_USAGE = YES_ERROR;
				CLANG_WARN_EMPTY_BODY = YES;
				CLANG_WARN_ENUM_CONVERSION = YES;
				CLANG_WARN_INT_CONVERSION = YES;
				CLANG_WARN_OBJC_ROOT_CLASS = YES_ERROR;
				CLANG_WARN_UNREACHABLE_CODE = YES;
				CLANG_WARN__DUPLICATE_METHOD_MATCH = YES;
				"CODE_SIGN_IDENTITY[sdk=iphoneos*]" = "iPhone Developer";
				COPY_PHASE_STRIP = NO;
				DEBUG_INFORMATION_FORMAT = "dwarf-with-dsym";
				ENABLE_NS_ASSERTIONS = NO;
				ENABLE_STRICT_OBJC_MSGSEND = YES;
				GCC_C_LANGUAGE_STANDARD = gnu99;
				GCC_NO_COMMON_BLOCKS = YES;
				GCC_WARN_64_TO_32_BIT_CONVERSION = YES;
				GCC_WARN_ABOUT_RETURN_TYPE = YES_ERROR;
				GCC_WARN_UNDECLARED_SELECTOR = YES;
				GCC_WARN_UNINITIALIZED_AUTOS = YES_AGGRESSIVE;
				GCC_WARN_UNUSED_FUNCTION = YES;
				GCC_WARN_UNUSED_VARIABLE = YES;
				IPHONEOS_DEPLOYMENT_TARGET = 9.2;
				MTL_ENABLE_DEBUG_INFO = NO;
				SDKROOT = iphoneos;
				VALIDATE_PRODUCT = YES;
			};
			name = Release;
		};
		697B0BCF1C921825000F56DF /* Debug */ = {
			isa = XCBuildConfiguration;
			buildSettings = {
				ASSETCATALOG_COMPILER_APPICON_NAME = AppIcon;
				INFOPLIST_FILE = Test/Info.plist;
				LD_RUNPATH_SEARCH_PATHS = "$(inherited) @executable_path/Frameworks";
				PRODUCT_BUNDLE_IDENTIFIER = com.rtayal.Test;
				PRODUCT_NAME = "$(TARGET_NAME)";
			};
			name = Debug;
		};
		697B0BD01C921825000F56DF /* Release */ = {
			isa = XCBuildConfiguration;
			buildSettings = {
				ASSETCATALOG_COMPILER_APPICON_NAME = AppIcon;
				INFOPLIST_FILE = Test/Info.plist;
				LD_RUNPATH_SEARCH_PATHS = "$(inherited) @executable_path/Frameworks";
				PRODUCT_BUNDLE_IDENTIFIER = com.rtayal.Test;
				PRODUCT_NAME = "$(TARGET_NAME)";
			};
			name = Release;
		};
/* End XCBuildConfiguration section */

/* Begin XCConfigurationList section */
		697B0BB71C921824000F56DF /* Build configuration list for PBXProject "Test" */ = {
			isa = XCConfigurationList;
			buildConfigurations = (
				697B0BCC1C921825000F56DF /* Debug */,
				697B0BCD1C921825000F56DF /* Release */,
			);
			defaultConfigurationIsVisible = 0;
			defaultConfigurationName = Release;
		};
		697B0BCE1C921825000F56DF /* Build configuration list for PBXNativeTarget "Test" */ = {
			isa = XCConfigurationList;
			buildConfigurations = (
				697B0BCF1C921825000F56DF /* Debug */,
				697B0BD01C921825000F56DF /* Release */,
			);
			defaultConfigurationIsVisible = 0;
			defaultConfigurationName = Release;
		};
/* End XCConfigurationList section */
	};
	rootObject = 697B0BB41C921824000F56DF /* Project object */;
}
